
Microsoft Visual Studio Solution File, Format Version 12.00
# Visual Studio Version 17
VisualStudioVersion = 17.9.34728.123
MinimumVisualStudioVersion = 10.0.40219.1
Project("{9A19103F-16F7-4668-BE54-9A1E7A4F7556}") = "todo-backend.WEB", "todo-backend.WEB\todo-backend.WEB.csproj", "{B1D210F9-FC49-4AE0-A93F-BD3C6D62261D}"
	ProjectSection(ProjectDependencies) = postProject
		{A0129869-FF8B-4A15-A1A6-AC92E70F71EB} = {A0129869-FF8B-4A15-A1A6-AC92E70F71EB}
	EndProjectSection
EndProject
Project("{9A19103F-16F7-4668-BE54-9A1E7A4F7556}") = "todo-backend.Infrastructure", "todo-backend.Infrastructure\todo-backend.Infrastructure.csproj", "{A0129869-FF8B-4A15-A1A6-AC92E70F71EB}"
EndProject
Project("{9A19103F-16F7-4668-BE54-9A1E7A4F7556}") = "todo-backend.Domain", "todo-backend.Domain\todo-backend.Domain.csproj", "{830D890A-BD14-4E0F-B12D-512DD25FE90E}"
EndProject
Project("{9A19103F-16F7-4668-BE54-9A1E7A4F7556}") = "todo-backend-Tests", "todo-backend-Tests\todo-backend-Tests.csproj", "{22847404-8FD2-4D9D-B0D1-F0FF1BC78D38}"
	ProjectSection(ProjectDependencies) = postProject
		{830D890A-BD14-4E0F-B12D-512DD25FE90E} = {830D890A-BD14-4E0F-B12D-512DD25FE90E}
		{A0129869-FF8B-4A15-A1A6-AC92E70F71EB} = {A0129869-FF8B-4A15-A1A6-AC92E70F71EB}
		{B1D210F9-FC49-4AE0-A93F-BD3C6D62261D} = {B1D210F9-FC49-4AE0-A93F-BD3C6D62261D}
	EndProjectSection
EndProject
Project("{E53339B2-1760-4266-BCC7-CA923CBCF16C}") = "docker-compose", "docker-compose.dcproj", "{1F51EDE5-1DD3-4293-8407-5E7527C19778}"
EndProject
Global
	GlobalSection(SolutionConfigurationPlatforms) = preSolution
		Debug|Any CPU = Debug|Any CPU
		Release|Any CPU = Release|Any CPU
	EndGlobalSection
	GlobalSection(ProjectConfigurationPlatforms) = postSolution
		{B1D210F9-FC49-4AE0-A93F-BD3C6D62261D}.Debug|Any CPU.ActiveCfg = Debug|Any CPU
		{B1D210F9-FC49-4AE0-A93F-BD3C6D62261D}.Debug|Any CPU.Build.0 = Debug|Any CPU
		{B1D210F9-FC49-4AE0-A93F-BD3C6D62261D}.Release|Any CPU.ActiveCfg = Release|Any CPU
		{B1D210F9-FC49-4AE0-A93F-BD3C6D62261D}.Release|Any CPU.Build.0 = Release|Any CPU
		{A0129869-FF8B-4A15-A1A6-AC92E70F71EB}.Debug|Any CPU.ActiveCfg = Debug|Any CPU
		{A0129869-FF8B-4A15-A1A6-AC92E70F71EB}.Debug|Any CPU.Build.0 = Debug|Any CPU
		{A0129869-FF8B-4A15-A1A6-AC92E70F71EB}.Release|Any CPU.ActiveCfg = Release|Any CPU
		{A0129869-FF8B-4A15-A1A6-AC92E70F71EB}.Release|Any CPU.Build.0 = Release|Any CPU
		{830D890A-BD14-4E0F-B12D-512DD25FE90E}.Debug|Any CPU.ActiveCfg = Debug|Any CPU
		{830D890A-BD14-4E0F-B12D-512DD25FE90E}.Debug|Any CPU.Build.0 = Debug|Any CPU
		{830D890A-BD14-4E0F-B12D-512DD25FE90E}.Release|Any CPU.ActiveCfg = Release|Any CPU
		{830D890A-BD14-4E0F-B12D-512DD25FE90E}.Release|Any CPU.Build.0 = Release|Any CPU
		{22847404-8FD2-4D9D-B0D1-F0FF1BC78D38}.Debug|Any CPU.ActiveCfg = Debug|Any CPU
		{22847404-8FD2-4D9D-B0D1-F0FF1BC78D38}.Debug|Any CPU.Build.0 = Debug|Any CPU
		{22847404-8FD2-4D9D-B0D1-F0FF1BC78D38}.Release|Any CPU.ActiveCfg = Release|Any CPU
		{22847404-8FD2-4D9D-B0D1-F0FF1BC78D38}.Release|Any CPU.Build.0 = Release|Any CPU
		{1F51EDE5-1DD3-4293-8407-5E7527C19778}.Debug|Any CPU.ActiveCfg = Debug|Any CPU
		{1F51EDE5-1DD3-4293-8407-5E7527C19778}.Debug|Any CPU.Build.0 = Debug|Any CPU
		{1F51EDE5-1DD3-4293-8407-5E7527C19778}.Release|Any CPU.ActiveCfg = Release|Any CPU
		{1F51EDE5-1DD3-4293-8407-5E7527C19778}.Release|Any CPU.Build.0 = Release|Any CPU
	EndGlobalSection
	GlobalSection(SolutionProperties) = preSolution
		HideSolutionNode = FALSE
	EndGlobalSection
	GlobalSection(ExtensibilityGlobals) = postSolution
		SolutionGuid = {51DF7199-6293-4274-998F-5E3EE5DAFBA1}
	EndGlobalSection
EndGlobal
